
Microsoft Visual Studio Solution File, Format Version 12.00
# Visual Studio Version 16
VisualStudioVersion = 16.0.30320.27
MinimumVisualStudioVersion = 10.0.40219.1
Project("{FAE04EC0-301F-11D3-BF4B-00C04F79EFBC}") = "PulsarDeadLetterTest", "PulsarDeadLetterTest\PulsarDeadLetterTest.csproj", "{CD7213B2-5801-43C1-B20D-7108A8A1C16B}"
EndProject
Project("{E53339B2-1760-4266-BCC7-CA923CBCF16C}") = "docker-compose", "docker-compose.dcproj", "{AA665F31-A9F4-4397-AF63-A488A937CE8D}"
EndProject
Global
	GlobalSection(SolutionConfigurationPlatforms) = preSolution
		Debug|Any CPU = Debug|Any CPU
		Release|Any CPU = Release|Any CPU
	EndGlobalSection
	GlobalSection(ProjectConfigurationPlatforms) = postSolution
		{CD7213B2-5801-43C1-B20D-7108A8A1C16B}.Debug|Any CPU.ActiveCfg = Debug|Any CPU
		{CD7213B2-5801-43C1-B20D-7108A8A1C16B}.Debug|Any CPU.Build.0 = Debug|Any CPU
		{CD7213B2-5801-43C1-B20D-7108A8A1C16B}.Release|Any CPU.ActiveCfg = Release|Any CPU
		{CD7213B2-5801-43C1-B20D-7108A8A1C16B}.Release|Any CPU.Build.0 = Release|Any CPU
		{AA665F31-A9F4-4397-AF63-A488A937CE8D}.Debug|Any CPU.ActiveCfg = Debug|Any CPU
		{AA665F31-A9F4-4397-AF63-A488A937CE8D}.Debug|Any CPU.Build.0 = Debug|Any CPU
		{AA665F31-A9F4-4397-AF63-A488A937CE8D}.Release|Any CPU.ActiveCfg = Release|Any CPU
		{AA665F31-A9F4-4397-AF63-A488A937CE8D}.Release|Any CPU.Build.0 = Release|Any CPU
	EndGlobalSection
	GlobalSection(SolutionProperties) = preSolution
		HideSolutionNode = FALSE
	EndGlobalSection
	GlobalSection(ExtensibilityGlobals) = postSolution
		SolutionGuid = {34CAFC3E-4886-4307-BBC1-E9845E652702}
	EndGlobalSection
EndGlobal
